# This file is auto-generated by beamtalk. Do not edit manually.
# It pins exact versions of dependencies for reproducible builds.

[[native_package]]
name = "cowboy"
version = "2.18.0"
sha = ""

[[native_package]]
name = "cowlib"
version = "2.19.0"
sha = ""

[[native_package]]
name = "gun"
version = "2.1.0"
sha = ""

[[native_package]]
name = "ranch"
version = "2.2.1"
sha = ""

